// !$*UTF8*$!
{
	archiveVersion = 1;
	classes = {
	};
	objectVersion = 50;
	objects = {

/* Begin PBXBuildFile section */
		B65BA94024CA464400B6A0D6 /* HomeView.swift in Sources */ = {isa = PBXBuildFile; fileRef = B65BA93F24CA464400B6A0D6 /* HomeView.swift */; };
		B65D03AC24DDE708000F4422 /* LocationServicesView.swift in Sources */ = {isa = PBXBuildFile; fileRef = B65D03AB24DDE708000F4422 /* LocationServicesView.swift */; };
		B65D03AE24DDF35B000F4422 /* MainView.swift in Sources */ = {isa = PBXBuildFile; fileRef = B65D03AD24DDF35B000F4422 /* MainView.swift */; };
		B65D03B024DE4B32000F4422 /* Test View.swift in Sources */ = {isa = PBXBuildFile; fileRef = B65D03AF24DE4B32000F4422 /* Test View.swift */; };
		B66B28DE24B50D0E0002AB8A /* Fish.swift in Sources */ = {isa = PBXBuildFile; fileRef = B66B28DD24B50D0E0002AB8A /* Fish.swift */; };
		B67666FE24DF39B500F8D8A6 /* TestView2.swift in Sources */ = {isa = PBXBuildFile; fileRef = B67666FD24DF39B400F8D8A6 /* TestView2.swift */; };
		B6C46DCD24CF5E3F00258A9B /* NewFishView.swift in Sources */ = {isa = PBXBuildFile; fileRef = B6C46DCC24CF5E3F00258A9B /* NewFishView.swift */; };
		B6C79D4D24B67BFB00B8A3A9 /* FishCheckpoint.swift in Sources */ = {isa = PBXBuildFile; fileRef = B6C79D4C24B67BFB00B8A3A9 /* FishCheckpoint.swift */; };
		B6C7F59524D9EC9E00CCF7AB /* FilterView.swift in Sources */ = {isa = PBXBuildFile; fileRef = B6C7F59424D9EC9E00CCF7AB /* FilterView.swift */; };
		B6C7F59724DA128200CCF7AB /* testView.swift in Sources */ = {isa = PBXBuildFile; fileRef = B6C7F59624DA128200CCF7AB /* testView.swift */; };
		B6CA12D92479C8F300FE235D /* AppDelegate.swift in Sources */ = {isa = PBXBuildFile; fileRef = B6CA12D82479C8F300FE235D /* AppDelegate.swift */; };
		B6CA12DB2479C8F300FE235D /* SceneDelegate.swift in Sources */ = {isa = PBXBuildFile; fileRef = B6CA12DA2479C8F300FE235D /* SceneDelegate.swift */; };
		B6CA12DE2479C8F300FE235D /* lur.xcdatamodeld in Sources */ = {isa = PBXBuildFile; fileRef = B6CA12DC2479C8F300FE235D /* lur.xcdatamodeld */; };
		B6CA12E02479C8F300FE235D /* ContentView.swift in Sources */ = {isa = PBXBuildFile; fileRef = B6CA12DF2479C8F300FE235D /* ContentView.swift */; };
		B6CA12E22479C8F600FE235D /* Assets.xcassets in Resources */ = {isa = PBXBuildFile; fileRef = B6CA12E12479C8F600FE235D /* Assets.xcassets */; };
		B6CA12E52479C8F600FE235D /* Preview Assets.xcassets in Resources */ = {isa = PBXBuildFile; fileRef = B6CA12E42479C8F600FE235D /* Preview Assets.xcassets */; };
		B6CA12E82479C8F600FE235D /* LaunchScreen.storyboard in Resources */ = {isa = PBXBuildFile; fileRef = B6CA12E62479C8F600FE235D /* LaunchScreen.storyboard */; };
		B6D769EB24C503C900427672 /* ServerUtils.swift in Sources */ = {isa = PBXBuildFile; fileRef = B6D769EA24C503C900427672 /* ServerUtils.swift */; };
		B6D769ED24C63E5400427672 /* LocationManager.swift in Sources */ = {isa = PBXBuildFile; fileRef = B6D769EC24C63E5400427672 /* LocationManager.swift */; };
		B6D769F224C686B000427672 /* MapViewCoordinator.swift in Sources */ = {isa = PBXBuildFile; fileRef = B6D769F124C686B000427672 /* MapViewCoordinator.swift */; };
		B6D769F524C686F600427672 /* MapViewAdvance.swift in Sources */ = {isa = PBXBuildFile; fileRef = B6D769F424C686F600427672 /* MapViewAdvance.swift */; };
/* End PBXBuildFile section */

/* Begin PBXFileReference section */
		B65BA93F24CA464400B6A0D6 /* HomeView.swift */ = {isa = PBXFileReference; lastKnownFileType = sourcecode.swift; path = HomeView.swift; sourceTree = "<group>"; };
		B65BA94124CA6E3100B6A0D6 /* lur.entitlements */ = {isa = PBXFileReference; lastKnownFileType = text.plist.entitlements; path = lur.entitlements; sourceTree = "<group>"; };
		B65D03AB24DDE708000F4422 /* LocationServicesView.swift */ = {isa = PBXFileReference; lastKnownFileType = sourcecode.swift; path = LocationServicesView.swift; sourceTree = "<group>"; };
		B65D03AD24DDF35B000F4422 /* MainView.swift */ = {isa = PBXFileReference; lastKnownFileType = sourcecode.swift; path = MainView.swift; sourceTree = "<group>"; };
		B65D03AF24DE4B32000F4422 /* Test View.swift */ = {isa = PBXFileReference; lastKnownFileType = sourcecode.swift; path = "Test View.swift"; sourceTree = "<group>"; };
		B66B28DD24B50D0E0002AB8A /* Fish.swift */ = {isa = PBXFileReference; lastKnownFileType = sourcecode.swift; path = Fish.swift; sourceTree = "<group>"; };
		B67666FD24DF39B400F8D8A6 /* TestView2.swift */ = {isa = PBXFileReference; lastKnownFileType = sourcecode.swift; path = TestView2.swift; sourceTree = "<group>"; };
		B6C46DCC24CF5E3F00258A9B /* NewFishView.swift */ = {isa = PBXFileReference; lastKnownFileType = sourcecode.swift; path = NewFishView.swift; sourceTree = "<group>"; };
		B6C79D4C24B67BFB00B8A3A9 /* FishCheckpoint.swift */ = {isa = PBXFileReference; lastKnownFileType = sourcecode.swift; path = FishCheckpoint.swift; sourceTree = "<group>"; };
		B6C7F59424D9EC9E00CCF7AB /* FilterView.swift */ = {isa = PBXFileReference; lastKnownFileType = sourcecode.swift; path = FilterView.swift; sourceTree = "<group>"; };
		B6C7F59624DA128200CCF7AB /* testView.swift */ = {isa = PBXFileReference; lastKnownFileType = sourcecode.swift; path = testView.swift; sourceTree = "<group>"; };
		B6CA12D52479C8F300FE235D /* lur.app */ = {isa = PBXFileReference; explicitFileType = wrapper.application; includeInIndex = 0; path = lur.app; sourceTree = BUILT_PRODUCTS_DIR; };
		B6CA12D82479C8F300FE235D /* AppDelegate.swift */ = {isa = PBXFileReference; lastKnownFileType = sourcecode.swift; path = AppDelegate.swift; sourceTree = "<group>"; };
		B6CA12DA2479C8F300FE235D /* SceneDelegate.swift */ = {isa = PBXFileReference; lastKnownFileType = sourcecode.swift; path = SceneDelegate.swift; sourceTree = "<group>"; };
		B6CA12DD2479C8F300FE235D /* lur.xcdatamodel */ = {isa = PBXFileReference; lastKnownFileType = wrapper.xcdatamodel; path = lur.xcdatamodel; sourceTree = "<group>"; };
		B6CA12DF2479C8F300FE235D /* ContentView.swift */ = {isa = PBXFileReference; lastKnownFileType = sourcecode.swift; path = ContentView.swift; sourceTree = "<group>"; };
		B6CA12E12479C8F600FE235D /* Assets.xcassets */ = {isa = PBXFileReference; lastKnownFileType = folder.assetcatalog; path = Assets.xcassets; sourceTree = "<group>"; };
		B6CA12E42479C8F600FE235D /* Preview Assets.xcassets */ = {isa = PBXFileReference; lastKnownFileType = folder.assetcatalog; path = "Preview Assets.xcassets"; sourceTree = "<group>"; };
		B6CA12E72479C8F600FE235D /* Base */ = {isa = PBXFileReference; lastKnownFileType = file.storyboard; name = Base; path = Base.lproj/LaunchScreen.storyboard; sourceTree = "<group>"; };
		B6CA12E92479C8F600FE235D /* Info.plist */ = {isa = PBXFileReference; lastKnownFileType = text.plist.xml; path = Info.plist; sourceTree = "<group>"; };
		B6D769EA24C503C900427672 /* ServerUtils.swift */ = {isa = PBXFileReference; lastKnownFileType = sourcecode.swift; path = ServerUtils.swift; sourceTree = "<group>"; };
		B6D769EC24C63E5400427672 /* LocationManager.swift */ = {isa = PBXFileReference; lastKnownFileType = sourcecode.swift; path = LocationManager.swift; sourceTree = "<group>"; };
		B6D769F124C686B000427672 /* MapViewCoordinator.swift */ = {isa = PBXFileReference; lastKnownFileType = sourcecode.swift; path = MapViewCoordinator.swift; sourceTree = "<group>"; };
		B6D769F424C686F600427672 /* MapViewAdvance.swift */ = {isa = PBXFileReference; lastKnownFileType = sourcecode.swift; path = MapViewAdvance.swift; sourceTree = "<group>"; };
/* End PBXFileReference section */

/* Begin PBXFrameworksBuildPhase section */
		B6CA12D22479C8F300FE235D /* Frameworks */ = {
			isa = PBXFrameworksBuildPhase;
			buildActionMask = 2147483647;
			files = (
			);
			runOnlyForDeploymentPostprocessing = 0;
		};
/* End PBXFrameworksBuildPhase section */

/* Begin PBXGroup section */
		B6CA12CC2479C8F300FE235D = {
			isa = PBXGroup;
			children = (
				B6CA12D72479C8F300FE235D /* lur */,
				B6CA12D62479C8F300FE235D /* Products */,
			);
			sourceTree = "<group>";
		};
		B6CA12D62479C8F300FE235D /* Products */ = {
			isa = PBXGroup;
			children = (
				B6CA12D52479C8F300FE235D /* lur.app */,
			);
			name = Products;
			sourceTree = "<group>";
		};
		B6CA12D72479C8F300FE235D /* lur */ = {
			isa = PBXGroup;
			children = (
				B65BA94124CA6E3100B6A0D6 /* lur.entitlements */,
				B6D769F324C686E800427672 /* Views */,
				B6D769EE24C6839D00427672 /* Coordinators */,
				B6CA12D82479C8F300FE235D /* AppDelegate.swift */,
				B6CA12DA2479C8F300FE235D /* SceneDelegate.swift */,
				B6D769EC24C63E5400427672 /* LocationManager.swift */,
				B66B28DD24B50D0E0002AB8A /* Fish.swift */,
				B6C79D4C24B67BFB00B8A3A9 /* FishCheckpoint.swift */,
				B6D769EA24C503C900427672 /* ServerUtils.swift */,
				B6CA12E12479C8F600FE235D /* Assets.xcassets */,
				B6CA12E62479C8F600FE235D /* LaunchScreen.storyboard */,
				B6CA12E92479C8F600FE235D /* Info.plist */,
				B6CA12DC2479C8F300FE235D /* lur.xcdatamodeld */,
				B6CA12E32479C8F600FE235D /* Preview Content */,
			);
			path = lur;
			sourceTree = "<group>";
		};
		B6CA12E32479C8F600FE235D /* Preview Content */ = {
			isa = PBXGroup;
			children = (
				B6CA12E42479C8F600FE235D /* Preview Assets.xcassets */,
			);
			path = "Preview Content";
			sourceTree = "<group>";
		};
		B6D769EE24C6839D00427672 /* Coordinators */ = {
			isa = PBXGroup;
			children = (
				B6D769F124C686B000427672 /* MapViewCoordinator.swift */,
			);
			path = Coordinators;
			sourceTree = "<group>";
		};
		B6D769F324C686E800427672 /* Views */ = {
			isa = PBXGroup;
			children = (
				B6D769F424C686F600427672 /* MapViewAdvance.swift */,
				B65BA93F24CA464400B6A0D6 /* HomeView.swift */,
				B6C46DCC24CF5E3F00258A9B /* NewFishView.swift */,
				B6C7F59424D9EC9E00CCF7AB /* FilterView.swift */,
				B6C7F59624DA128200CCF7AB /* testView.swift */,
				B6CA12DF2479C8F300FE235D /* ContentView.swift */,
				B65D03AB24DDE708000F4422 /* LocationServicesView.swift */,
				B65D03AD24DDF35B000F4422 /* MainView.swift */,
				B65D03AF24DE4B32000F4422 /* Test View.swift */,
				B67666FD24DF39B400F8D8A6 /* TestView2.swift */,
			);
			path = Views;
			sourceTree = "<group>";
		};
/* End PBXGroup section */

/* Begin PBXNativeTarget section */
		B6CA12D42479C8F300FE235D /* lur */ = {
			isa = PBXNativeTarget;
			buildConfigurationList = B6CA12EC2479C8F600FE235D /* Build configuration list for PBXNativeTarget "lur" */;
			buildPhases = (
				B6CA12D12479C8F300FE235D /* Sources */,
				B6CA12D22479C8F300FE235D /* Frameworks */,
				B6CA12D32479C8F300FE235D /* Resources */,
			);
			buildRules = (
			);
			dependencies = (
			);
			name = lur;
			productName = lur;
			productReference = B6CA12D52479C8F300FE235D /* lur.app */;
			productType = "com.apple.product-type.application";
		};
/* End PBXNativeTarget section */

/* Begin PBXProject section */
		B6CA12CD2479C8F300FE235D /* Project object */ = {
			isa = PBXProject;
			attributes = {
				LastSwiftUpdateCheck = 1150;
				LastUpgradeCheck = 1150;
				ORGANIZATIONNAME = "Elijah Valine";
				TargetAttributes = {
					B6CA12D42479C8F300FE235D = {
						CreatedOnToolsVersion = 11.5;
					};
				};
			};
			buildConfigurationList = B6CA12D02479C8F300FE235D /* Build configuration list for PBXProject "lur" */;
			compatibilityVersion = "Xcode 9.3";
			developmentRegion = en;
			hasScannedForEncodings = 0;
			knownRegions = (
				en,
				Base,
			);
			mainGroup = B6CA12CC2479C8F300FE235D;
			productRefGroup = B6CA12D62479C8F300FE235D /* Products */;
			projectDirPath = "";
			projectRoot = "";
			targets = (
				B6CA12D42479C8F300FE235D /* lur */,
			);
		};
/* End PBXProject section */

/* Begin PBXResourcesBuildPhase section */
		B6CA12D32479C8F300FE235D /* Resources */ = {
			isa = PBXResourcesBuildPhase;
			buildActionMask = 2147483647;
			files = (
				B6CA12E82479C8F600FE235D /* LaunchScreen.storyboard in Resources */,
				B6CA12E52479C8F600FE235D /* Preview Assets.xcassets in Resources */,
				B6CA12E22479C8F600FE235D /* Assets.xcassets in Resources */,
			);
			runOnlyForDeploymentPostprocessing = 0;
		};
/* End PBXResourcesBuildPhase section */

/* Begin PBXSourcesBuildPhase section */
		B6CA12D12479C8F300FE235D /* Sources */ = {
			isa = PBXSourcesBuildPhase;
			buildActionMask = 2147483647;
			files = (
				B6C7F59524D9EC9E00CCF7AB /* FilterView.swift in Sources */,
				B65D03AC24DDE708000F4422 /* LocationServicesView.swift in Sources */,
				B6D769F524C686F600427672 /* MapViewAdvance.swift in Sources */,
				B66B28DE24B50D0E0002AB8A /* Fish.swift in Sources */,
				B6CA12D92479C8F300FE235D /* AppDelegate.swift in Sources */,
				B6C79D4D24B67BFB00B8A3A9 /* FishCheckpoint.swift in Sources */,
				B6D769EB24C503C900427672 /* ServerUtils.swift in Sources */,
				B6D769F224C686B000427672 /* MapViewCoordinator.swift in Sources */,
				B6D769ED24C63E5400427672 /* LocationManager.swift in Sources */,
				B65D03AE24DDF35B000F4422 /* MainView.swift in Sources */,
				B6C7F59724DA128200CCF7AB /* testView.swift in Sources */,
				B6C46DCD24CF5E3F00258A9B /* NewFishView.swift in Sources */,
				B65D03B024DE4B32000F4422 /* Test View.swift in Sources */,
				B6CA12DE2479C8F300FE235D /* lur.xcdatamodeld in Sources */,
				B65BA94024CA464400B6A0D6 /* HomeView.swift in Sources */,
				B6CA12E02479C8F300FE235D /* ContentView.swift in Sources */,
				B6CA12DB2479C8F300FE235D /* SceneDelegate.swift in Sources */,
				B67666FE24DF39B500F8D8A6 /* TestView2.swift in Sources */,
			);
			runOnlyForDeploymentPostprocessing = 0;
		};
/* End PBXSourcesBuildPhase section */

/* Begin PBXVariantGroup section */
		B6CA12E62479C8F600FE235D /* LaunchScreen.storyboard */ = {
			isa = PBXVariantGroup;
			children = (
				B6CA12E72479C8F600FE235D /* Base */,
			);
			name = LaunchScreen.storyboard;
			sourceTree = "<group>";
		};
/* End PBXVariantGroup section */

/* Begin XCBuildConfiguration section */
		B6CA12EA2479C8F600FE235D /* Debug */ = {
			isa = XCBuildConfiguration;
			buildSettings = {
				ALWAYS_SEARCH_USER_PATHS = NO;
				CLANG_ANALYZER_NONNULL = YES;
				CLANG_ANALYZER_NUMBER_OBJECT_CONVERSION = YES_AGGRESSIVE;
				CLANG_CXX_LANGUAGE_STANDARD = "gnu++14";
				CLANG_CXX_LIBRARY = "libc++";
				CLANG_ENABLE_MODULES = YES;
				CLANG_ENABLE_OBJC_ARC = YES;
				CLANG_ENABLE_OBJC_WEAK = YES;
				CLANG_WARN_BLOCK_CAPTURE_AUTORELEASING = YES;
				CLANG_WARN_BOOL_CONVERSION = YES;
				CLANG_WARN_COMMA = YES;
				CLANG_WARN_CONSTANT_CONVERSION = YES;
				CLANG_WARN_DEPRECATED_OBJC_IMPLEMENTATIONS = YES;
				CLANG_WARN_DIRECT_OBJC_ISA_USAGE = YES_ERROR;
				CLANG_WARN_DOCUMENTATION_COMMENTS = YES;
				CLANG_WARN_EMPTY_BODY = YES;
				CLANG_WARN_ENUM_CONVERSION = YES;
				CLANG_WARN_INFINITE_RECURSION = YES;
				CLANG_WARN_INT_CONVERSION = YES;
				CLANG_WARN_NON_LITERAL_NULL_CONVERSION = YES;
				CLANG_WARN_OBJC_IMPLICIT_RETAIN_SELF = YES;
				CLANG_WARN_OBJC_LITERAL_CONVERSION = YES;
				CLANG_WARN_OBJC_ROOT_CLASS = YES_ERROR;
				CLANG_WARN_RANGE_LOOP_ANALYSIS = YES;
				CLANG_WARN_STRICT_PROTOTYPES = YES;
				CLANG_WARN_SUSPICIOUS_MOVE = YES;
				CLANG_WARN_UNGUARDED_AVAILABILITY = YES_AGGRESSIVE;
				CLANG_WARN_UNREACHABLE_CODE = YES;
				CLANG_WARN__DUPLICATE_METHOD_MATCH = YES;
				COPY_PHASE_STRIP = NO;
				DEBUG_INFORMATION_FORMAT = dwarf;
				ENABLE_STRICT_OBJC_MSGSEND = YES;
				ENABLE_TESTABILITY = YES;
				GCC_C_LANGUAGE_STANDARD = gnu11;
				GCC_DYNAMIC_NO_PIC = NO;
				GCC_NO_COMMON_BLOCKS = YES;
				GCC_OPTIMIZATION_LEVEL = 0;
				GCC_PREPROCESSOR_DEFINITIONS = (
					"DEBUG=1",
					"$(inherited)",
				);
				GCC_WARN_64_TO_32_BIT_CONVERSION = YES;
				GCC_WARN_ABOUT_RETURN_TYPE = YES_ERROR;
				GCC_WARN_UNDECLARED_SELECTOR = YES;
				GCC_WARN_UNINITIALIZED_AUTOS = YES_AGGRESSIVE;
				GCC_WARN_UNUSED_FUNCTION = YES;
				GCC_WARN_UNUSED_VARIABLE = YES;
				IPHONEOS_DEPLOYMENT_TARGET = 13.5;
				MTL_ENABLE_DEBUG_INFO = INCLUDE_SOURCE;
				MTL_FAST_MATH = YES;
				ONLY_ACTIVE_ARCH = YES;
				SDKROOT = iphoneos;
				SWIFT_ACTIVE_COMPILATION_CONDITIONS = DEBUG;
				SWIFT_OPTIMIZATION_LEVEL = "-Onone";
			};
			name = Debug;
		};
		B6CA12EB2479C8F600FE235D /* Release */ = {
			isa = XCBuildConfiguration;
			buildSettings = {
				ALWAYS_SEARCH_USER_PATHS = NO;
				CLANG_ANALYZER_NONNULL = YES;
				CLANG_ANALYZER_NUMBER_OBJECT_CONVERSION = YES_AGGRESSIVE;
				CLANG_CXX_LANGUAGE_STANDARD = "gnu++14";
				CLANG_CXX_LIBRARY = "libc++";
				CLANG_ENABLE_MODULES = YES;
				CLANG_ENABLE_OBJC_ARC = YES;
				CLANG_ENABLE_OBJC_WEAK = YES;
				CLANG_WARN_BLOCK_CAPTURE_AUTORELEASING = YES;
				CLANG_WARN_BOOL_CONVERSION = YES;
				CLANG_WARN_COMMA = YES;
				CLANG_WARN_CONSTANT_CONVERSION = YES;
				CLANG_WARN_DEPRECATED_OBJC_IMPLEMENTATIONS = YES;
				CLANG_WARN_DIRECT_OBJC_ISA_USAGE = YES_ERROR;
				CLANG_WARN_DOCUMENTATION_COMMENTS = YES;
				CLANG_WARN_EMPTY_BODY = YES;
				CLANG_WARN_ENUM_CONVERSION = YES;
				CLANG_WARN_INFINITE_RECURSION = YES;
				CLANG_WARN_INT_CONVERSION = YES;
				CLANG_WARN_NON_LITERAL_NULL_CONVERSION = YES;
				CLANG_WARN_OBJC_IMPLICIT_RETAIN_SELF = YES;
				CLANG_WARN_OBJC_LITERAL_CONVERSION = YES;
				CLANG_WARN_OBJC_ROOT_CLASS = YES_ERROR;
				CLANG_WARN_RANGE_LOOP_ANALYSIS = YES;
				CLANG_WARN_STRICT_PROTOTYPES = YES;
				CLANG_WARN_SUSPICIOUS_MOVE = YES;
				CLANG_WARN_UNGUARDED_AVAILABILITY = YES_AGGRESSIVE;
				CLANG_WARN_UNREACHABLE_CODE = YES;
				CLANG_WARN__DUPLICATE_METHOD_MATCH = YES;
				COPY_PHASE_STRIP = NO;
				DEBUG_INFORMATION_FORMAT = "dwarf-with-dsym";
				ENABLE_NS_ASSERTIONS = NO;
				ENABLE_STRICT_OBJC_MSGSEND = YES;
				GCC_C_LANGUAGE_STANDARD = gnu11;
				GCC_NO_COMMON_BLOCKS = YES;
				GCC_WARN_64_TO_32_BIT_CONVERSION = YES;
				GCC_WARN_ABOUT_RETURN_TYPE = YES_ERROR;
				GCC_WARN_UNDECLARED_SELECTOR = YES;
				GCC_WARN_UNINITIALIZED_AUTOS = YES_AGGRESSIVE;
				GCC_WARN_UNUSED_FUNCTION = YES;
				GCC_WARN_UNUSED_VARIABLE = YES;
				IPHONEOS_DEPLOYMENT_TARGET = 13.5;
				MTL_ENABLE_DEBUG_INFO = NO;
				MTL_FAST_MATH = YES;
				SDKROOT = iphoneos;
				SWIFT_COMPILATION_MODE = wholemodule;
				SWIFT_OPTIMIZATION_LEVEL = "-O";
				VALIDATE_PRODUCT = YES;
			};
			name = Release;
		};
		B6CA12ED2479C8F600FE235D /* Debug */ = {
			isa = XCBuildConfiguration;
			buildSettings = {
				ASSETCATALOG_COMPILER_APPICON_NAME = AppIcon;
				CODE_SIGN_ENTITLEMENTS = lur/lur.entitlements;
				CODE_SIGN_STYLE = Automatic;
				DEVELOPMENT_ASSET_PATHS = "\"lur/Preview Content\"";
				DEVELOPMENT_TEAM = QNG49J45ZU;
				ENABLE_PREVIEWS = YES;
				INFOPLIST_FILE = lur/Info.plist;
				IPHONEOS_DEPLOYMENT_TARGET = 13.5;
				LD_RUNPATH_SEARCH_PATHS = (
					"$(inherited)",
					"@executable_path/Frameworks",
				);
				PRODUCT_BUNDLE_IDENTIFIER = Valine.lur;
				PRODUCT_NAME = "$(TARGET_NAME)";
				SUPPORTS_MACCATALYST = YES;
				SWIFT_VERSION = 5.0;
				TARGETED_DEVICE_FAMILY = 1;
			};
			name = Debug;
		};
		B6CA12EE2479C8F600FE235D /* Release */ = {
			isa = XCBuildConfiguration;
			buildSettings = {
				ASSETCATALOG_COMPILER_APPICON_NAME = AppIcon;
				CODE_SIGN_ENTITLEMENTS = lur/lur.entitlements;
				CODE_SIGN_STYLE = Automatic;
				DEVELOPMENT_ASSET_PATHS = "\"lur/Preview Content\"";
				DEVELOPMENT_TEAM = QNG49J45ZU;
				ENABLE_PREVIEWS = YES;
				INFOPLIST_FILE = lur/Info.plist;
				IPHONEOS_DEPLOYMENT_TARGET = 13.5;
				LD_RUNPATH_SEARCH_PATHS = (
					"$(inherited)",
					"@executable_path/Frameworks",
				);
				PRODUCT_BUNDLE_IDENTIFIER = Valine.lur;
				PRODUCT_NAME = "$(TARGET_NAME)";
				SUPPORTS_MACCATALYST = YES;
				SWIFT_VERSION = 5.0;
				TARGETED_DEVICE_FAMILY = 1;
			};
			name = Release;
		};
/* End XCBuildConfiguration section */

/* Begin XCConfigurationList section */
		B6CA12D02479C8F300FE235D /* Build configuration list for PBXProject "lur" */ = {
			isa = XCConfigurationList;
			buildConfigurations = (
				B6CA12EA2479C8F600FE235D /* Debug */,
				B6CA12EB2479C8F600FE235D /* Release */,
			);
			defaultConfigurationIsVisible = 0;
			defaultConfigurationName = Release;
		};
		B6CA12EC2479C8F600FE235D /* Build configuration list for PBXNativeTarget "lur" */ = {
			isa = XCConfigurationList;
			buildConfigurations = (
				B6CA12ED2479C8F600FE235D /* Debug */,
				B6CA12EE2479C8F600FE235D /* Release */,
			);
			defaultConfigurationIsVisible = 0;
			defaultConfigurationName = Release;
		};
/* End XCConfigurationList section */

/* Begin XCVersionGroup section */
		B6CA12DC2479C8F300FE235D /* lur.xcdatamodeld */ = {
			isa = XCVersionGroup;
			children = (
				B6CA12DD2479C8F300FE235D /* lur.xcdatamodel */,
			);
			currentVersion = B6CA12DD2479C8F300FE235D /* lur.xcdatamodel */;
			path = lur.xcdatamodeld;
			sourceTree = "<group>";
			versionGroupType = wrapper.xcdatamodel;
		};
/* End XCVersionGroup section */
	};
	rootObject = B6CA12CD2479C8F300FE235D /* Project object */;
}
