// !$*UTF8*$!
{
	archiveVersion = 1;
	classes = {
	};
	objectVersion = 50;
	objects = {

/* Begin PBXBuildFile section */
		B66B28C524B50AA30002AB8A /* AppDelegate.swift in Sources */ = {isa = PBXBuildFile; fileRef = B66B28C424B50AA30002AB8A /* AppDelegate.swift */; };
		B66B28C724B50AA30002AB8A /* SceneDelegate.swift in Sources */ = {isa = PBXBuildFile; fileRef = B66B28C624B50AA30002AB8A /* SceneDelegate.swift */; };
		B66B28CA24B50AA30002AB8A /* Lu_r.xcdatamodeld in Sources */ = {isa = PBXBuildFile; fileRef = B66B28C824B50AA30002AB8A /* Lu_r.xcdatamodeld */; };
		B66B28CC24B50AA30002AB8A /* ContentView.swift in Sources */ = {isa = PBXBuildFile; fileRef = B66B28CB24B50AA30002AB8A /* ContentView.swift */; };
		B66B28CE24B50AA90002AB8A /* Assets.xcassets in Resources */ = {isa = PBXBuildFile; fileRef = B66B28CD24B50AA90002AB8A /* Assets.xcassets */; };
		B66B28D124B50AA90002AB8A /* Preview Assets.xcassets in Resources */ = {isa = PBXBuildFile; fileRef = B66B28D024B50AA90002AB8A /* Preview Assets.xcassets */; };
		B66B28D424B50AA90002AB8A /* LaunchScreen.storyboard in Resources */ = {isa = PBXBuildFile; fileRef = B66B28D224B50AA90002AB8A /* LaunchScreen.storyboard */; };
/* End PBXBuildFile section */

/* Begin PBXFileReference section */
		B66B28C124B50AA30002AB8A /* Lür.app */ = {isa = PBXFileReference; explicitFileType = wrapper.application; includeInIndex = 0; path = "Lür.app"; sourceTree = BUILT_PRODUCTS_DIR; };
		B66B28C424B50AA30002AB8A /* AppDelegate.swift */ = {isa = PBXFileReference; lastKnownFileType = sourcecode.swift; path = AppDelegate.swift; sourceTree = "<group>"; };
		B66B28C624B50AA30002AB8A /* SceneDelegate.swift */ = {isa = PBXFileReference; lastKnownFileType = sourcecode.swift; path = SceneDelegate.swift; sourceTree = "<group>"; };
		B66B28C924B50AA30002AB8A /* Lu_r.xcdatamodel */ = {isa = PBXFileReference; lastKnownFileType = wrapper.xcdatamodel; path = Lu_r.xcdatamodel; sourceTree = "<group>"; };
		B66B28CB24B50AA30002AB8A /* ContentView.swift */ = {isa = PBXFileReference; lastKnownFileType = sourcecode.swift; path = ContentView.swift; sourceTree = "<group>"; };
		B66B28CD24B50AA90002AB8A /* Assets.xcassets */ = {isa = PBXFileReference; lastKnownFileType = folder.assetcatalog; path = Assets.xcassets; sourceTree = "<group>"; };
		B66B28D024B50AA90002AB8A /* Preview Assets.xcassets */ = {isa = PBXFileReference; lastKnownFileType = folder.assetcatalog; path = "Preview Assets.xcassets"; sourceTree = "<group>"; };
		B66B28D324B50AA90002AB8A /* Base */ = {isa = PBXFileReference; lastKnownFileType = file.storyboard; name = Base; path = Base.lproj/LaunchScreen.storyboard; sourceTree = "<group>"; };
		B66B28D524B50AA90002AB8A /* Info.plist */ = {isa = PBXFileReference; lastKnownFileType = text.plist.xml; path = Info.plist; sourceTree = "<group>"; };
/* End PBXFileReference section */

/* Begin PBXFrameworksBuildPhase section */
		B66B28BE24B50AA30002AB8A /* Frameworks */ = {
			isa = PBXFrameworksBuildPhase;
			buildActionMask = 2147483647;
			files = (
			);
			runOnlyForDeploymentPostprocessing = 0;
		};
/* End PBXFrameworksBuildPhase section */

/* Begin PBXGroup section */
		B66B28B824B50AA30002AB8A = {
			isa = PBXGroup;
			children = (
				B66B28C324B50AA30002AB8A /* Lür */,
				B66B28C224B50AA30002AB8A /* Products */,
			);
			sourceTree = "<group>";
		};
		B66B28C224B50AA30002AB8A /* Products */ = {
			isa = PBXGroup;
			children = (
				B66B28C124B50AA30002AB8A /* Lür.app */,
			);
			name = Products;
			sourceTree = "<group>";
		};
		B66B28C324B50AA30002AB8A /* Lür */ = {
			isa = PBXGroup;
			children = (
				B66B28C424B50AA30002AB8A /* AppDelegate.swift */,
				B66B28C624B50AA30002AB8A /* SceneDelegate.swift */,
				B66B28CB24B50AA30002AB8A /* ContentView.swift */,
				B66B28CD24B50AA90002AB8A /* Assets.xcassets */,
				B66B28D224B50AA90002AB8A /* LaunchScreen.storyboard */,
				B66B28D524B50AA90002AB8A /* Info.plist */,
				B66B28C824B50AA30002AB8A /* Lu_r.xcdatamodeld */,
				B66B28CF24B50AA90002AB8A /* Preview Content */,
			);
			path = "Lür";
			sourceTree = "<group>";
		};
		B66B28CF24B50AA90002AB8A /* Preview Content */ = {
			isa = PBXGroup;
			children = (
				B66B28D024B50AA90002AB8A /* Preview Assets.xcassets */,
			);
			path = "Preview Content";
			sourceTree = "<group>";
		};
/* End PBXGroup section */

/* Begin PBXNativeTarget section */
		B66B28C024B50AA30002AB8A /* Lür */ = {
			isa = PBXNativeTarget;
			buildConfigurationList = B66B28D824B50AA90002AB8A /* Build configuration list for PBXNativeTarget "Lür" */;
			buildPhases = (
				B66B28BD24B50AA30002AB8A /* Sources */,
				B66B28BE24B50AA30002AB8A /* Frameworks */,
				B66B28BF24B50AA30002AB8A /* Resources */,
			);
			buildRules = (
			);
			dependencies = (
			);
			name = "Lür";
			productName = "Lür";
			productReference = B66B28C124B50AA30002AB8A /* Lür.app */;
			productType = "com.apple.product-type.application";
		};
/* End PBXNativeTarget section */

/* Begin PBXProject section */
		B66B28B924B50AA30002AB8A /* Project object */ = {
			isa = PBXProject;
			attributes = {
				LastSwiftUpdateCheck = 1150;
				LastUpgradeCheck = 1150;
				ORGANIZATIONNAME = "Elijah Valine";
				TargetAttributes = {
					B66B28C024B50AA30002AB8A = {
						CreatedOnToolsVersion = 11.5;
					};
				};
			};
			buildConfigurationList = B66B28BC24B50AA30002AB8A /* Build configuration list for PBXProject "Lür" */;
			compatibilityVersion = "Xcode 9.3";
			developmentRegion = en;
			hasScannedForEncodings = 0;
			knownRegions = (
				en,
				Base,
			);
			mainGroup = B66B28B824B50AA30002AB8A;
			productRefGroup = B66B28C224B50AA30002AB8A /* Products */;
			projectDirPath = "";
			projectRoot = "";
			targets = (
				B66B28C024B50AA30002AB8A /* Lür */,
			);
		};
/* End PBXProject section */

/* Begin PBXResourcesBuildPhase section */
		B66B28BF24B50AA30002AB8A /* Resources */ = {
			isa = PBXResourcesBuildPhase;
			buildActionMask = 2147483647;
			files = (
				B66B28D424B50AA90002AB8A /* LaunchScreen.storyboard in Resources */,
				B66B28D124B50AA90002AB8A /* Preview Assets.xcassets in Resources */,
				B66B28CE24B50AA90002AB8A /* Assets.xcassets in Resources */,
			);
			runOnlyForDeploymentPostprocessing = 0;
		};
/* End PBXResourcesBuildPhase section */

/* Begin PBXSourcesBuildPhase section */
		B66B28BD24B50AA30002AB8A /* Sources */ = {
			isa = PBXSourcesBuildPhase;
			buildActionMask = 2147483647;
			files = (
				B66B28CA24B50AA30002AB8A /* Lu_r.xcdatamodeld in Sources */,
				B66B28C524B50AA30002AB8A /* AppDelegate.swift in Sources */,
				B66B28CC24B50AA30002AB8A /* ContentView.swift in Sources */,
				B66B28C724B50AA30002AB8A /* SceneDelegate.swift in Sources */,
			);
			runOnlyForDeploymentPostprocessing = 0;
		};
/* End PBXSourcesBuildPhase section */

/* Begin PBXVariantGroup section */
		B66B28D224B50AA90002AB8A /* LaunchScreen.storyboard */ = {
			isa = PBXVariantGroup;
			children = (
				B66B28D324B50AA90002AB8A /* Base */,
			);
			name = LaunchScreen.storyboard;
			sourceTree = "<group>";
		};
/* End PBXVariantGroup section */

/* Begin XCBuildConfiguration section */
		B66B28D624B50AA90002AB8A /* Debug */ = {
			isa = XCBuildConfiguration;
			buildSettings = {
				ALWAYS_SEARCH_USER_PATHS = NO;
				CLANG_ANALYZER_NONNULL = YES;
				CLANG_ANALYZER_NUMBER_OBJECT_CONVERSION = YES_AGGRESSIVE;
				CLANG_CXX_LANGUAGE_STANDARD = "gnu++14";
				CLANG_CXX_LIBRARY = "libc++";
				CLANG_ENABLE_MODULES = YES;
				CLANG_ENABLE_OBJC_ARC = YES;
				CLANG_ENABLE_OBJC_WEAK = YES;
				CLANG_WARN_BLOCK_CAPTURE_AUTORELEASING = YES;
				CLANG_WARN_BOOL_CONVERSION = YES;
				CLANG_WARN_COMMA = YES;
				CLANG_WARN_CONSTANT_CONVERSION = YES;
				CLANG_WARN_DEPRECATED_OBJC_IMPLEMENTATIONS = YES;
				CLANG_WARN_DIRECT_OBJC_ISA_USAGE = YES_ERROR;
				CLANG_WARN_DOCUMENTATION_COMMENTS = YES;
				CLANG_WARN_EMPTY_BODY = YES;
				CLANG_WARN_ENUM_CONVERSION = YES;
				CLANG_WARN_INFINITE_RECURSION = YES;
				CLANG_WARN_INT_CONVERSION = YES;
				CLANG_WARN_NON_LITERAL_NULL_CONVERSION = YES;
				CLANG_WARN_OBJC_IMPLICIT_RETAIN_SELF = YES;
				CLANG_WARN_OBJC_LITERAL_CONVERSION = YES;
				CLANG_WARN_OBJC_ROOT_CLASS = YES_ERROR;
				CLANG_WARN_RANGE_LOOP_ANALYSIS = YES;
				CLANG_WARN_STRICT_PROTOTYPES = YES;
				CLANG_WARN_SUSPICIOUS_MOVE = YES;
				CLANG_WARN_UNGUARDED_AVAILABILITY = YES_AGGRESSIVE;
				CLANG_WARN_UNREACHABLE_CODE = YES;
				CLANG_WARN__DUPLICATE_METHOD_MATCH = YES;
				COPY_PHASE_STRIP = NO;
				DEBUG_INFORMATION_FORMAT = dwarf;
				ENABLE_STRICT_OBJC_MSGSEND = YES;
				ENABLE_TESTABILITY = YES;
				GCC_C_LANGUAGE_STANDARD = gnu11;
				GCC_DYNAMIC_NO_PIC = NO;
				GCC_NO_COMMON_BLOCKS = YES;
				GCC_OPTIMIZATION_LEVEL = 0;
				GCC_PREPROCESSOR_DEFINITIONS = (
					"DEBUG=1",
					"$(inherited)",
				);
				GCC_WARN_64_TO_32_BIT_CONVERSION = YES;
				GCC_WARN_ABOUT_RETURN_TYPE = YES_ERROR;
				GCC_WARN_UNDECLARED_SELECTOR = YES;
				GCC_WARN_UNINITIALIZED_AUTOS = YES_AGGRESSIVE;
				GCC_WARN_UNUSED_FUNCTION = YES;
				GCC_WARN_UNUSED_VARIABLE = YES;
				IPHONEOS_DEPLOYMENT_TARGET = 13.5;
				MTL_ENABLE_DEBUG_INFO = INCLUDE_SOURCE;
				MTL_FAST_MATH = YES;
				ONLY_ACTIVE_ARCH = YES;
				SDKROOT = iphoneos;
				SWIFT_ACTIVE_COMPILATION_CONDITIONS = DEBUG;
				SWIFT_OPTIMIZATION_LEVEL = "-Onone";
			};
			name = Debug;
		};
		B66B28D724B50AA90002AB8A /* Release */ = {
			isa = XCBuildConfiguration;
			buildSettings = {
				ALWAYS_SEARCH_USER_PATHS = NO;
				CLANG_ANALYZER_NONNULL = YES;
				CLANG_ANALYZER_NUMBER_OBJECT_CONVERSION = YES_AGGRESSIVE;
				CLANG_CXX_LANGUAGE_STANDARD = "gnu++14";
				CLANG_CXX_LIBRARY = "libc++";
				CLANG_ENABLE_MODULES = YES;
				CLANG_ENABLE_OBJC_ARC = YES;
				CLANG_ENABLE_OBJC_WEAK = YES;
				CLANG_WARN_BLOCK_CAPTURE_AUTORELEASING = YES;
				CLANG_WARN_BOOL_CONVERSION = YES;
				CLANG_WARN_COMMA = YES;
				CLANG_WARN_CONSTANT_CONVERSION = YES;
				CLANG_WARN_DEPRECATED_OBJC_IMPLEMENTATIONS = YES;
				CLANG_WARN_DIRECT_OBJC_ISA_USAGE = YES_ERROR;
				CLANG_WARN_DOCUMENTATION_COMMENTS = YES;
				CLANG_WARN_EMPTY_BODY = YES;
				CLANG_WARN_ENUM_CONVERSION = YES;
				CLANG_WARN_INFINITE_RECURSION = YES;
				CLANG_WARN_INT_CONVERSION = YES;
				CLANG_WARN_NON_LITERAL_NULL_CONVERSION = YES;
				CLANG_WARN_OBJC_IMPLICIT_RETAIN_SELF = YES;
				CLANG_WARN_OBJC_LITERAL_CONVERSION = YES;
				CLANG_WARN_OBJC_ROOT_CLASS = YES_ERROR;
				CLANG_WARN_RANGE_LOOP_ANALYSIS = YES;
				CLANG_WARN_STRICT_PROTOTYPES = YES;
				CLANG_WARN_SUSPICIOUS_MOVE = YES;
				CLANG_WARN_UNGUARDED_AVAILABILITY = YES_AGGRESSIVE;
				CLANG_WARN_UNREACHABLE_CODE = YES;
				CLANG_WARN__DUPLICATE_METHOD_MATCH = YES;
				COPY_PHASE_STRIP = NO;
				DEBUG_INFORMATION_FORMAT = "dwarf-with-dsym";
				ENABLE_NS_ASSERTIONS = NO;
				ENABLE_STRICT_OBJC_MSGSEND = YES;
				GCC_C_LANGUAGE_STANDARD = gnu11;
				GCC_NO_COMMON_BLOCKS = YES;
				GCC_WARN_64_TO_32_BIT_CONVERSION = YES;
				GCC_WARN_ABOUT_RETURN_TYPE = YES_ERROR;
				GCC_WARN_UNDECLARED_SELECTOR = YES;
				GCC_WARN_UNINITIALIZED_AUTOS = YES_AGGRESSIVE;
				GCC_WARN_UNUSED_FUNCTION = YES;
				GCC_WARN_UNUSED_VARIABLE = YES;
				IPHONEOS_DEPLOYMENT_TARGET = 13.5;
				MTL_ENABLE_DEBUG_INFO = NO;
				MTL_FAST_MATH = YES;
				SDKROOT = iphoneos;
				SWIFT_COMPILATION_MODE = wholemodule;
				SWIFT_OPTIMIZATION_LEVEL = "-O";
				VALIDATE_PRODUCT = YES;
			};
			name = Release;
		};
		B66B28D924B50AA90002AB8A /* Debug */ = {
			isa = XCBuildConfiguration;
			buildSettings = {
				ASSETCATALOG_COMPILER_APPICON_NAME = AppIcon;
				CODE_SIGN_STYLE = Automatic;
				DEVELOPMENT_ASSET_PATHS = "\"Lür/Preview Content\"";
				DEVELOPMENT_TEAM = QNG49J45ZU;
				ENABLE_PREVIEWS = YES;
				INFOPLIST_FILE = "Lür/Info.plist";
				LD_RUNPATH_SEARCH_PATHS = (
					"$(inherited)",
					"@executable_path/Frameworks",
				);
				PRODUCT_BUNDLE_IDENTIFIER = "Valine.Lu-r";
				PRODUCT_NAME = "$(TARGET_NAME)";
				SWIFT_VERSION = 5.0;
				TARGETED_DEVICE_FAMILY = "1,2";
			};
			name = Debug;
		};
		B66B28DA24B50AA90002AB8A /* Release */ = {
			isa = XCBuildConfiguration;
			buildSettings = {
				ASSETCATALOG_COMPILER_APPICON_NAME = AppIcon;
				CODE_SIGN_STYLE = Automatic;
				DEVELOPMENT_ASSET_PATHS = "\"Lür/Preview Content\"";
				DEVELOPMENT_TEAM = QNG49J45ZU;
				ENABLE_PREVIEWS = YES;
				INFOPLIST_FILE = "Lür/Info.plist";
				LD_RUNPATH_SEARCH_PATHS = (
					"$(inherited)",
					"@executable_path/Frameworks",
				);
				PRODUCT_BUNDLE_IDENTIFIER = "Valine.Lu-r";
				PRODUCT_NAME = "$(TARGET_NAME)";
				SWIFT_VERSION = 5.0;
				TARGETED_DEVICE_FAMILY = "1,2";
			};
			name = Release;
		};
/* End XCBuildConfiguration section */

/* Begin XCConfigurationList section */
		B66B28BC24B50AA30002AB8A /* Build configuration list for PBXProject "Lür" */ = {
			isa = XCConfigurationList;
			buildConfigurations = (
				B66B28D624B50AA90002AB8A /* Debug */,
				B66B28D724B50AA90002AB8A /* Release */,
			);
			defaultConfigurationIsVisible = 0;
			defaultConfigurationName = Release;
		};
		B66B28D824B50AA90002AB8A /* Build configuration list for PBXNativeTarget "Lür" */ = {
			isa = XCConfigurationList;
			buildConfigurations = (
				B66B28D924B50AA90002AB8A /* Debug */,
				B66B28DA24B50AA90002AB8A /* Release */,
			);
			defaultConfigurationIsVisible = 0;
			defaultConfigurationName = Release;
		};
/* End XCConfigurationList section */

/* Begin XCVersionGroup section */
		B66B28C824B50AA30002AB8A /* Lu_r.xcdatamodeld */ = {
			isa = XCVersionGroup;
			children = (
				B66B28C924B50AA30002AB8A /* Lu_r.xcdatamodel */,
			);
			currentVersion = B66B28C924B50AA30002AB8A /* Lu_r.xcdatamodel */;
			path = Lu_r.xcdatamodeld;
			sourceTree = "<group>";
			versionGroupType = wrapper.xcdatamodel;
		};
/* End XCVersionGroup section */
	};
	rootObject = B66B28B924B50AA30002AB8A /* Project object */;
}
